
Microsoft Visual Studio Solution File, Format Version 12.00
# Visual Studio Version 17
VisualStudioVersion = 17.4.33205.214
MinimumVisualStudioVersion = 10.0.40219.1
Project("{9A19103F-16F7-4668-BE54-9A1E7A4F7556}") = "CityInfoAPIv1", "CityInfoAPIv1\CityInfoAPIv1.csproj", "{8349B9AE-1882-425B-A746-D4D19C9F1EFD}"
EndProject
Project("{FAE04EC0-301F-11D3-BF4B-00C04F79EFBC}") = "CityInfoAPI.Test", "CityInfoAPI.Test\CityInfoAPI.Test.csproj", "{DB0493DB-66FB-4CDF-BBD9-091A8EE19B2F}"
EndProject
Global
	GlobalSection(SolutionConfigurationPlatforms) = preSolution
		Debug|Any CPU = Debug|Any CPU
		Release|Any CPU = Release|Any CPU
	EndGlobalSection
	GlobalSection(ProjectConfigurationPlatforms) = postSolution
		{8349B9AE-1882-425B-A746-D4D19C9F1EFD}.Debug|Any CPU.ActiveCfg = Debug|Any CPU
		{8349B9AE-1882-425B-A746-D4D19C9F1EFD}.Debug|Any CPU.Build.0 = Debug|Any CPU
		{8349B9AE-1882-425B-A746-D4D19C9F1EFD}.Release|Any CPU.ActiveCfg = Release|Any CPU
		{8349B9AE-1882-425B-A746-D4D19C9F1EFD}.Release|Any CPU.Build.0 = Release|Any CPU
		{DB0493DB-66FB-4CDF-BBD9-091A8EE19B2F}.Debug|Any CPU.ActiveCfg = Debug|Any CPU
		{DB0493DB-66FB-4CDF-BBD9-091A8EE19B2F}.Debug|Any CPU.Build.0 = Debug|Any CPU
		{DB0493DB-66FB-4CDF-BBD9-091A8EE19B2F}.Release|Any CPU.ActiveCfg = Release|Any CPU
		{DB0493DB-66FB-4CDF-BBD9-091A8EE19B2F}.Release|Any CPU.Build.0 = Release|Any CPU
	EndGlobalSection
	GlobalSection(SolutionProperties) = preSolution
		HideSolutionNode = FALSE
	EndGlobalSection
	GlobalSection(ExtensibilityGlobals) = postSolution
		SolutionGuid = {F6994C61-139A-47E6-A347-44621EC28CCE}
	EndGlobalSection
EndGlobal
